
Microsoft Visual Studio Solution File, Format Version 12.00
# Visual Studio 2013
VisualStudioVersion = 12.0.31101.0
MinimumVisualStudioVersion = 10.0.40219.1
Project("{FAE04EC0-301F-11D3-BF4B-00C04F79EFBC}") = "FlatFXWebClient", "FlatFXWebClient\FlatFXWebClient.csproj", "{02A6C998-F9E1-41CB-B6E7-56339E559111}"
EndProject
Project("{FAE04EC0-301F-11D3-BF4B-00C04F79EFBC}") = "FlatFXWebClient.Tests", "FlatFXWebClient.Tests\FlatFXWebClient.Tests.csproj", "{226A0BE0-1A6D-4C8E-84B3-DD6D7017AA3D}"
EndProject
Project("{FAE04EC0-301F-11D3-BF4B-00C04F79EFBC}") = "FlatFXCore", "FlatFXCore\FlatFXCore.csproj", "{8AF6BA4A-67D8-4B4B-BDF0-417AFC4ED92F}"
EndProject
Global
	GlobalSection(SolutionConfigurationPlatforms) = preSolution
		Debug|Any CPU = Debug|Any CPU
		Release|Any CPU = Release|Any CPU
	EndGlobalSection
	GlobalSection(ProjectConfigurationPlatforms) = postSolution
		{02A6C998-F9E1-41CB-B6E7-56339E559111}.Debug|Any CPU.ActiveCfg = Debug|Any CPU
		{02A6C998-F9E1-41CB-B6E7-56339E559111}.Debug|Any CPU.Build.0 = Debug|Any CPU
		{02A6C998-F9E1-41CB-B6E7-56339E559111}.Release|Any CPU.ActiveCfg = Release|Any CPU
		{02A6C998-F9E1-41CB-B6E7-56339E559111}.Release|Any CPU.Build.0 = Release|Any CPU
		{226A0BE0-1A6D-4C8E-84B3-DD6D7017AA3D}.Debug|Any CPU.ActiveCfg = Debug|Any CPU
		{226A0BE0-1A6D-4C8E-84B3-DD6D7017AA3D}.Debug|Any CPU.Build.0 = Debug|Any CPU
		{226A0BE0-1A6D-4C8E-84B3-DD6D7017AA3D}.Release|Any CPU.ActiveCfg = Release|Any CPU
		{226A0BE0-1A6D-4C8E-84B3-DD6D7017AA3D}.Release|Any CPU.Build.0 = Release|Any CPU
		{8AF6BA4A-67D8-4B4B-BDF0-417AFC4ED92F}.Debug|Any CPU.ActiveCfg = Debug|Any CPU
		{8AF6BA4A-67D8-4B4B-BDF0-417AFC4ED92F}.Debug|Any CPU.Build.0 = Debug|Any CPU
		{8AF6BA4A-67D8-4B4B-BDF0-417AFC4ED92F}.Release|Any CPU.ActiveCfg = Release|Any CPU
		{8AF6BA4A-67D8-4B4B-BDF0-417AFC4ED92F}.Release|Any CPU.Build.0 = Release|Any CPU
	EndGlobalSection
	GlobalSection(SolutionProperties) = preSolution
		HideSolutionNode = FALSE
	EndGlobalSection
EndGlobal
